
Microsoft Visual Studio Solution File, Format Version 12.00
Project("{FAE04EC0-301F-11D3-BF4B-00C04F79EFBC}") = "BankAccountKataOI", "BankAccountKataOI\BankAccountKataOI.csproj", "{C0CDBAAB-D2B0-4AD2-B409-128128133F2A}"
EndProject
Project("{FAE04EC0-301F-11D3-BF4B-00C04F79EFBC}") = "BankAccountKataOITests", "BankAccountKataOITests\BankAccountKataOITests.csproj", "{785E71C9-673F-4547-BF3B-7E53F7E0D778}"
EndProject
Global
	GlobalSection(SolutionConfigurationPlatforms) = preSolution
		Debug|Any CPU = Debug|Any CPU
		Release|Any CPU = Release|Any CPU
	EndGlobalSection
	GlobalSection(ProjectConfigurationPlatforms) = postSolution
		{C0CDBAAB-D2B0-4AD2-B409-128128133F2A}.Debug|Any CPU.ActiveCfg = Debug|Any CPU
		{C0CDBAAB-D2B0-4AD2-B409-128128133F2A}.Debug|Any CPU.Build.0 = Debug|Any CPU
		{C0CDBAAB-D2B0-4AD2-B409-128128133F2A}.Release|Any CPU.ActiveCfg = Release|Any CPU
		{C0CDBAAB-D2B0-4AD2-B409-128128133F2A}.Release|Any CPU.Build.0 = Release|Any CPU
		{785E71C9-673F-4547-BF3B-7E53F7E0D778}.Debug|Any CPU.ActiveCfg = Debug|Any CPU
		{785E71C9-673F-4547-BF3B-7E53F7E0D778}.Debug|Any CPU.Build.0 = Debug|Any CPU
		{785E71C9-673F-4547-BF3B-7E53F7E0D778}.Release|Any CPU.ActiveCfg = Release|Any CPU
		{785E71C9-673F-4547-BF3B-7E53F7E0D778}.Release|Any CPU.Build.0 = Release|Any CPU
	EndGlobalSection
EndGlobal
